
Microsoft Visual Studio Solution File, Format Version 12.00
# Visual Studio Version 16
VisualStudioVersion = 25.0.1706.1
MinimumVisualStudioVersion = 10.0.40219.1
Project("{FAE04EC0-301F-11D3-BF4B-00C04F79EFBC}") = "RankingApp", "RankingApp\RankingApp.csproj", "{0273A82B-8314-4536-BC0C-A52F27996DB3}"
EndProject
Global
	GlobalSection(SolutionConfigurationPlatforms) = preSolution
		Debug|Any CPU = Debug|Any CPU
		Release|Any CPU = Release|Any CPU
	EndGlobalSection
	GlobalSection(ProjectConfigurationPlatforms) = postSolution
		{0273A82B-8314-4536-BC0C-A52F27996DB3}.Debug|Any CPU.ActiveCfg = Debug|Any CPU
		{0273A82B-8314-4536-BC0C-A52F27996DB3}.Debug|Any CPU.Build.0 = Debug|Any CPU
		{0273A82B-8314-4536-BC0C-A52F27996DB3}.Release|Any CPU.ActiveCfg = Release|Any CPU
		{0273A82B-8314-4536-BC0C-A52F27996DB3}.Release|Any CPU.Build.0 = Release|Any CPU
	EndGlobalSection
	GlobalSection(SolutionProperties) = preSolution
		HideSolutionNode = FALSE
	EndGlobalSection
	GlobalSection(ExtensibilityGlobals) = postSolution
		SolutionGuid = {B512635C-9547-485A-B6DB-5A4F9A91F42E}
	EndGlobalSection
EndGlobal
